# This file is automatically @generated by Cargo.
# It is not intended for manual editing.
version = 4

[[package]]
name = "arbitrary"
version = "1.3.2"
source = "registry+https://github.com/rust-lang/crates.io-index"
checksum = "7d5a26814d8dcb93b0e5a0ff3c6d80a8843bafb21b39e8e18a6f05471870e110"
dependencies = [
 "derive_arbitrary",
]

[[package]]
name = "arrayvec"
version = "0.7.6"
source = "registry+https://github.com/rust-lang/crates.io-index"
checksum = "7c02d123df017efcdfbd739ef81735b36c5ba83ec3c59c80a9d7ecc718f92e50"

[[package]]
name = "autocfg"
version = "1.4.0"
source = "registry+https://github.com/rust-lang/crates.io-index"
checksum = "ace50bade8e6234aa140d9a2f552bbee1db4d353f69b8217bc503490fc1a9f26"

[[package]]
name = "bvh"
version = "0.1.0"
dependencies = [
 "arrayvec",
 "bytes",
 "fast_hilbert",
 "glam",
 "heapless",
 "more-asserts",
]

[[package]]
name = "bvh-fuzz"
version = "0.0.0"
dependencies = [
 "arbitrary",
 "bvh",
 "glam",
 "libfuzzer-sys",
]

[[package]]
name = "byteorder"
version = "1.5.0"
source = "registry+https://github.com/rust-lang/crates.io-index"
checksum = "1fd0f2584146f6f2ef48085050886acf353beff7305ebd1ae69500e27c67f64b"

[[package]]
name = "bytes"
version = "1.7.2"
source = "registry+https://github.com/rust-lang/crates.io-index"
checksum = "428d9aa8fbc0670b7b8d6030a7fadd0f86151cae55e4dbbece15f3780a3dfaf3"

[[package]]
name = "cc"
version = "1.1.31"
source = "registry+https://github.com/rust-lang/crates.io-index"
checksum = "c2e7962b54006dcfcc61cb72735f4d89bb97061dd6a7ed882ec6b8ee53714c6f"
dependencies = [
 "jobserver",
 "libc",
 "shlex",
]

[[package]]
name = "derive_arbitrary"
version = "1.3.2"
source = "registry+https://github.com/rust-lang/crates.io-index"
checksum = "67e77553c4162a157adbf834ebae5b415acbecbeafc7a74b0e886657506a7611"
dependencies = [
 "proc-macro2",
 "quote",
 "syn",
]

[[package]]
name = "fast_hilbert"
version = "2.0.0"
source = "registry+https://github.com/rust-lang/crates.io-index"
checksum = "f8ec2bbe15af87954c739e236021f4411766c0f2b9c4a5f0b9317bcf6048ebf8"
dependencies = [
 "num-traits",
]

[[package]]
name = "glam"
version = "0.26.0"
source = "registry+https://github.com/rust-lang/crates.io-index"
checksum = "bebe52f2c58f1eea4d6fd3307058cf818c74181435a3620502d1651db07ff018"

[[package]]
name = "hash32"
version = "0.3.1"
source = "registry+https://github.com/rust-lang/crates.io-index"
checksum = "47d60b12902ba28e2730cd37e95b8c9223af2808df9e902d4df49588d1470606"
dependencies = [
 "byteorder",
]

[[package]]
name = "heapless"
version = "0.8.0"
source = "registry+https://github.com/rust-lang/crates.io-index"
checksum = "0bfb9eb618601c89945a70e254898da93b13be0388091d42117462b265bb3fad"
dependencies = [
 "hash32",
 "stable_deref_trait",
]

[[package]]
name = "jobserver"
version = "0.1.32"
source = "registry+https://github.com/rust-lang/crates.io-index"
checksum = "48d1dbcbbeb6a7fec7e059840aa538bd62aaccf972c7346c4d9d2059312853d0"
dependencies = [
 "libc",
]

[[package]]
name = "libc"
version = "0.2.161"
source = "registry+https://github.com/rust-lang/crates.io-index"
checksum = "8e9489c2807c139ffd9c1794f4af0ebe86a828db53ecdc7fea2111d0fed085d1"

[[package]]
name = "libfuzzer-sys"
version = "0.4.7"
source = "registry+https://github.com/rust-lang/crates.io-index"
checksum = "a96cfd5557eb82f2b83fed4955246c988d331975a002961b07c81584d107e7f7"
dependencies = [
 "arbitrary",
 "cc",
 "once_cell",
]

[[package]]
name = "more-asserts"
version = "0.3.1"
source = "registry+https://github.com/rust-lang/crates.io-index"
checksum = "1fafa6961cabd9c63bcd77a45d7e3b7f3b552b70417831fb0f56db717e72407e"

[[package]]
name = "num-traits"
version = "0.2.19"
source = "registry+https://github.com/rust-lang/crates.io-index"
checksum = "071dfc062690e90b734c0b2273ce72ad0ffa95f0c74596bc250dcfd960262841"
dependencies = [
 "autocfg",
]

[[package]]
name = "once_cell"
version = "1.20.2"
source = "registry+https://github.com/rust-lang/crates.io-index"
checksum = "1261fe7e33c73b354eab43b1273a57c8f967d0391e80353e51f764ac02cf6775"

[[package]]
name = "proc-macro2"
version = "1.0.88"
source = "registry+https://github.com/rust-lang/crates.io-index"
checksum = "7c3a7fc5db1e57d5a779a352c8cdb57b29aa4c40cc69c3a68a7fedc815fbf2f9"
dependencies = [
 "unicode-ident",
]

[[package]]
name = "quote"
version = "1.0.37"
source = "registry+https://github.com/rust-lang/crates.io-index"
checksum = "b5b9d34b8991d19d98081b46eacdd8eb58c6f2b201139f7c5f643cc155a633af"
dependencies = [
 "proc-macro2",
]

[[package]]
name = "shlex"
version = "1.3.0"
source = "registry+https://github.com/rust-lang/crates.io-index"
checksum = "0fda2ff0d084019ba4d7c6f371c95d8fd75ce3524c3cb8fb653a3023f6323e64"

[[package]]
name = "stable_deref_trait"
version = "1.2.0"
source = "registry+https://github.com/rust-lang/crates.io-index"
checksum = "a8f112729512f8e442d81f95a8a7ddf2b7c6b8a1a6f509a95864142b30cab2d3"

[[package]]
name = "syn"
version = "2.0.80"
source = "registry+https://github.com/rust-lang/crates.io-index"
checksum = "e6e185e337f816bc8da115b8afcb3324006ccc82eeaddf35113888d3bd8e44ac"
dependencies = [
 "proc-macro2",
 "quote",
 "unicode-ident",
]

[[package]]
name = "unicode-ident"
version = "1.0.13"
source = "registry+https://github.com/rust-lang/crates.io-index"
checksum = "e91b56cd4cadaeb79bbf1a5645f6b4f8dc5bde8834ad5894a8db35fda9efa1fe"
